{
  "name": "notifications",
  "version": "1.0.0",
  "dependencies": {
    "acorn": {
      "version": "1.2.2",
      "from": "acorn@>=1.0.3 <2.0.0",
      "resolved": "https://registry.npmjs.org/acorn/-/acorn-1.2.2.tgz"
    },
    "amdefine": {
      "version": "1.0.1",
      "from": "amdefine@>=0.0.4",
      "resolved": "https://registry.npmjs.org/amdefine/-/amdefine-1.0.1.tgz"
    },
    "ast-types": {
      "version": "0.8.15",
      "from": "ast-types@0.8.15",
      "resolved": "https://registry.npmjs.org/ast-types/-/ast-types-0.8.15.tgz"
    },
    "async": {
      "version": "0.2.10",
      "from": "async@0.2.10",
      "resolved": "https://registry.npmjs.org/async/-/async-0.2.10.tgz"
    },
    "base62": {
      "version": "0.1.1",
      "from": "base62@0.1.1",
      "resolved": "https://registry.npmjs.org/base62/-/base62-0.1.1.tgz"
    },
    "binary-search-tree": {
      "version": "0.2.5",
      "from": "binary-search-tree@0.2.5",
      "resolved": "https://registry.npmjs.org/binary-search-tree/-/binary-search-tree-0.2.5.tgz"
    },
    "bluebird": {
      "version": "3.4.6",
      "from": "bluebird@>=3.4.6 <4.0.0",
      "resolved": "https://registry.npmjs.org/bluebird/-/bluebird-3.4.6.tgz"
    },
    "core-util-is": {
      "version": "1.0.2",
      "from": "core-util-is@>=1.0.0 <1.1.0",
      "resolved": "https://registry.npmjs.org/core-util-is/-/core-util-is-1.0.2.tgz"
    },
    "debug": {
      "version": "2.3.2",
      "from": "debug@>=2.2.0 <3.0.0",
      "resolved": "https://registry.npmjs.org/debug/-/debug-2.3.2.tgz"
    },
    "es3ify": {
      "version": "0.1.4",
      "from": "es3ify@>=0.1.3 <0.2.0",
      "resolved": "https://registry.npmjs.org/es3ify/-/es3ify-0.1.4.tgz"
    },
    "esmangle-evaluator": {
      "version": "1.0.1",
      "from": "esmangle-evaluator@>=1.0.0 <2.0.0",
      "resolved": "https://registry.npmjs.org/esmangle-evaluator/-/esmangle-evaluator-1.0.1.tgz"
    },
    "esprima-fb": {
      "version": "3001.1.0-dev-harmony-fb",
      "from": "esprima-fb@>=3001.1.0-dev-harmony-fb <3001.2.0",
      "resolved": "https://registry.npmjs.org/esprima-fb/-/esprima-fb-3001.0001.0000-dev-harmony-fb.tgz"
    },
    "falafel": {
      "version": "1.2.0",
      "from": "falafel@>=1.0.1 <2.0.0",
      "resolved": "https://registry.npmjs.org/falafel/-/falafel-1.2.0.tgz"
    },
    "foreach": {
      "version": "2.0.5",
      "from": "foreach@>=2.0.5 <3.0.0",
      "resolved": "https://registry.npmjs.org/foreach/-/foreach-2.0.5.tgz"
    },
    "immediate": {
      "version": "3.0.6",
      "from": "immediate@>=3.0.5 <3.1.0",
      "resolved": "https://registry.npmjs.org/immediate/-/immediate-3.0.6.tgz"
    },
    "inherits": {
      "version": "2.0.3",
      "from": "inherits@>=2.0.1 <2.1.0",
      "resolved": "https://registry.npmjs.org/inherits/-/inherits-2.0.3.tgz"
    },
    "inline-process-browser": {
      "version": "1.0.0",
      "from": "inline-process-browser@>=1.0.0 <2.0.0",
      "resolved": "https://registry.npmjs.org/inline-process-browser/-/inline-process-browser-1.0.0.tgz"
    },
    "isarray": {
      "version": "0.0.1",
      "from": "isarray@0.0.1",
      "resolved": "https://registry.npmjs.org/isarray/-/isarray-0.0.1.tgz"
    },
    "jstransform": {
      "version": "3.0.0",
      "from": "jstransform@>=3.0.0 <3.1.0",
      "resolved": "https://registry.npmjs.org/jstransform/-/jstransform-3.0.0.tgz"
    },
    "lie": {
      "version": "3.0.2",
      "from": "lie@3.0.2",
      "resolved": "https://registry.npmjs.org/lie/-/lie-3.0.2.tgz"
    },
    "localforage": {
      "version": "1.4.3",
      "from": "localforage@>=1.3.0 <2.0.0",
      "resolved": "https://registry.npmjs.org/localforage/-/localforage-1.4.3.tgz"
    },
    "minimist": {
      "version": "0.0.8",
      "from": "minimist@0.0.8",
      "resolved": "https://registry.npmjs.org/minimist/-/minimist-0.0.8.tgz"
    },
    "mkdirp": {
      "version": "0.5.1",
      "from": "mkdirp@>=0.5.1 <0.6.0",
      "resolved": "https://registry.npmjs.org/mkdirp/-/mkdirp-0.5.1.tgz"
    },
    "ms": {
      "version": "0.7.2",
      "from": "ms@0.7.2",
      "resolved": "https://registry.npmjs.org/ms/-/ms-0.7.2.tgz"
    },
    "nedb": {
      "version": "1.8.0",
      "from": "nedb@>=1.8.0 <2.0.0",
      "resolved": "https://registry.npmjs.org/nedb/-/nedb-1.8.0.tgz"
    },
    "object-keys": {
      "version": "1.0.11",
      "from": "object-keys@>=1.0.6 <2.0.0",
      "resolved": "https://registry.npmjs.org/object-keys/-/object-keys-1.0.11.tgz"
    },
    "private": {
      "version": "0.1.6",
      "from": "private@>=0.1.5 <0.2.0",
      "resolved": "https://registry.npmjs.org/private/-/private-0.1.6.tgz"
    },
    "readable-stream": {
      "version": "1.0.34",
      "from": "readable-stream@>=1.0.33-1 <1.1.0-0",
      "resolved": "https://registry.npmjs.org/readable-stream/-/readable-stream-1.0.34.tgz"
    },
    "recast": {
      "version": "0.10.43",
      "from": "recast@>=0.10.1 <0.11.0",
      "resolved": "https://registry.npmjs.org/recast/-/recast-0.10.43.tgz",
      "dependencies": {
        "esprima-fb": {
          "version": "15001.1001.0-dev-harmony-fb",
          "from": "esprima-fb@>=15001.1001.0-dev-harmony-fb <15001.1002.0",
          "resolved": "https://registry.npmjs.org/esprima-fb/-/esprima-fb-15001.1001.0-dev-harmony-fb.tgz"
        },
        "source-map": {
          "version": "0.5.6",
          "from": "source-map@>=0.5.0 <0.6.0",
          "resolved": "https://registry.npmjs.org/source-map/-/source-map-0.5.6.tgz"
        }
      }
    },
    "source-map": {
      "version": "0.1.31",
      "from": "source-map@0.1.31",
      "resolved": "https://registry.npmjs.org/source-map/-/source-map-0.1.31.tgz"
    },
    "string_decoder": {
      "version": "0.10.31",
      "from": "string_decoder@>=0.10.0 <0.11.0",
      "resolved": "https://registry.npmjs.org/string_decoder/-/string_decoder-0.10.31.tgz"
    },
    "through": {
      "version": "2.3.8",
      "from": "through@>=2.3.4 <2.4.0",
      "resolved": "https://registry.npmjs.org/through/-/through-2.3.8.tgz"
    },
    "through2": {
      "version": "0.6.5",
      "from": "through2@>=0.6.5 <0.7.0",
      "resolved": "https://registry.npmjs.org/through2/-/through2-0.6.5.tgz"
    },
    "underscore": {
      "version": "1.4.4",
      "from": "underscore@>=1.4.4 <1.5.0",
      "resolved": "https://registry.npmjs.org/underscore/-/underscore-1.4.4.tgz"
    },
    "unreachable-branch-transform": {
      "version": "0.3.0",
      "from": "unreachable-branch-transform@>=0.3.0 <0.4.0",
      "resolved": "https://registry.npmjs.org/unreachable-branch-transform/-/unreachable-branch-transform-0.3.0.tgz"
    },
    "xtend": {
      "version": "4.0.1",
      "from": "xtend@>=4.0.0 <4.1.0-0",
      "resolved": "https://registry.npmjs.org/xtend/-/xtend-4.0.1.tgz"
    }
  }
}
