{
  "name": "peerview",
  "version": "1.0.0",
  "dependencies": {
    "buffer-shims": {
      "version": "1.0.0",
      "from": "buffer-shims@>=1.0.0 <2.0.0",
      "resolved": "https://registry.npmjs.org/buffer-shims/-/buffer-shims-1.0.0.tgz"
    },
    "core-util-is": {
      "version": "1.0.2",
      "from": "core-util-is@>=1.0.0 <1.1.0",
      "resolved": "https://registry.npmjs.org/core-util-is/-/core-util-is-1.0.2.tgz"
    },
    "debug": {
      "version": "2.2.0",
      "from": "debug@>=2.1.0 <3.0.0",
      "resolved": "https://registry.npmjs.org/debug/-/debug-2.2.0.tgz"
    },
    "event-lite": {
      "version": "0.1.1",
      "from": "event-lite@>=0.1.1 <0.2.0",
      "resolved": "https://registry.npmjs.org/event-lite/-/event-lite-0.1.1.tgz"
    },
    "get-browser-rtc": {
      "version": "1.0.2",
      "from": "get-browser-rtc@>=1.0.0 <2.0.0",
      "resolved": "https://registry.npmjs.org/get-browser-rtc/-/get-browser-rtc-1.0.2.tgz"
    },
    "ieee754": {
      "version": "1.1.8",
      "from": "ieee754@>=1.1.6 <2.0.0",
      "resolved": "https://registry.npmjs.org/ieee754/-/ieee754-1.1.8.tgz"
    },
    "inherits": {
      "version": "2.0.3",
      "from": "inherits@>=2.0.1 <3.0.0",
      "resolved": "https://registry.npmjs.org/inherits/-/inherits-2.0.3.tgz"
    },
    "int64-buffer": {
      "version": "0.1.9",
      "from": "int64-buffer@>=0.1.6 <0.2.0",
      "resolved": "https://registry.npmjs.org/int64-buffer/-/int64-buffer-0.1.9.tgz"
    },
    "isarray": {
      "version": "1.0.0",
      "from": "isarray@>=1.0.0 <2.0.0",
      "resolved": "https://registry.npmjs.org/isarray/-/isarray-1.0.0.tgz"
    },
    "ms": {
      "version": "0.7.1",
      "from": "ms@0.7.1",
      "resolved": "https://registry.npmjs.org/ms/-/ms-0.7.1.tgz"
    },
    "msgpack-lite": {
      "version": "0.1.20",
      "from": "msgpack-lite@>=0.1.17 <0.2.0",
      "resolved": "https://registry.npmjs.org/msgpack-lite/-/msgpack-lite-0.1.20.tgz"
    },
    "process-nextick-args": {
      "version": "1.0.7",
      "from": "process-nextick-args@>=1.0.6 <1.1.0",
      "resolved": "https://registry.npmjs.org/process-nextick-args/-/process-nextick-args-1.0.7.tgz"
    },
    "randombytes": {
      "version": "2.0.3",
      "from": "randombytes@>=2.0.3 <3.0.0",
      "resolved": "https://registry.npmjs.org/randombytes/-/randombytes-2.0.3.tgz"
    },
    "readable-stream": {
      "version": "2.1.5",
      "from": "readable-stream@>=2.0.5 <3.0.0",
      "resolved": "https://registry.npmjs.org/readable-stream/-/readable-stream-2.1.5.tgz"
    },
    "simple-peer": {
      "version": "6.0.7",
      "from": "simple-peer@>=6.0.3 <7.0.0",
      "resolved": "https://registry.npmjs.org/simple-peer/-/simple-peer-6.0.7.tgz"
    },
    "string_decoder": {
      "version": "0.10.31",
      "from": "string_decoder@>=0.10.0 <0.11.0",
      "resolved": "https://registry.npmjs.org/string_decoder/-/string_decoder-0.10.31.tgz"
    },
    "util-deprecate": {
      "version": "1.0.2",
      "from": "util-deprecate@>=1.0.1 <1.1.0",
      "resolved": "https://registry.npmjs.org/util-deprecate/-/util-deprecate-1.0.2.tgz"
    }
  }
}
